<?xml version="1.0" encoding="utf-8"?>
<Project ToolsVersion="4.0" xmlns="http://schemas.microsoft.com/developer/msbuild/2003">
  <ItemGroup>
    <Filter Include="Source Files">
      <UniqueIdentifier>{4FC737F1-C7A5-4376-A066-2A32D752A2FF}</UniqueIdentifier>
      <Extensions>cpp;c;cc;cxx;c++;cppm;ixx;def;odl;idl;hpj;bat;asm;asmx</Extensions>
    </Filter>
    <Filter Include="Header Files">
      <UniqueIdentifier>{93995380-89BD-4b04-88EB-625FBE52EBFB}</UniqueIdentifier>
      <Extensions>h;hh;hpp;hxx;h++;hm;inl;inc;ipp;xsd</Extensions>
    </Filter>
    <Filter Include="Resource Files">
      <UniqueIdentifier>{67DA6AB6-F800-4c08-8B7A-83BB121AAD01}</UniqueIdentifier>
      <Extensions>rc;ico;cur;bmp;dlg;rc2;rct;bin;rgs;gif;jpg;jpeg;jpe;resx;tiff;tif;png;wav;mfcribbon-ms</Extensions>
    </Filter>
    <Filter Include="Source Files\assignment1">
      <UniqueIdentifier>{134d789c-a0fe-4c26-aac2-8bfdfda76068}</UniqueIdentifier>
    </Filter>
    <Filter Include="Source Files\assignment2">
      <UniqueIdentifier>{aad62089-568b-426e-863a-288c53b65ed3}</UniqueIdentifier>
    </Filter>
    <Filter Include="Source Files\week2quiz1">
      <UniqueIdentifier>{7e76a68b-a284-4b4f-a585-e3b89d4a1e93}</UniqueIdentifier>
    </Filter>
    <Filter Include="Source Files\week2lab1">
      <UniqueIdentifier>{6b4d2dff-0a22-4cc2-b381-3372ac13d70c}</UniqueIdentifier>
    </Filter>
    <Filter Include="Source Files\week2lab2">
      <UniqueIdentifier>{9d6fc602-942e-4d09-ab25-e4f413144778}</UniqueIdentifier>
    </Filter>
    <Filter Include="Source Files\week2quiz2">
      <UniqueIdentifier>{2553e57b-8e68-4ea9-8188-808985d79422}</UniqueIdentifier>
    </Filter>
    <Filter Include="Source Files\assignment3part1">
      <UniqueIdentifier>{9f54d9ab-cd89-48a3-9dff-8beaf8bf778d}</UniqueIdentifier>
    </Filter>
    <Filter Include="Source Files\assignment3part2">
      <UniqueIdentifier>{ab5aaa70-29e4-48c6-b186-b7b694360955}</UniqueIdentifier>
    </Filter>
    <Filter Include="Source Files\quiz3">
      <UniqueIdentifier>{65a0b0fe-6ff5-4ba8-a0d1-d1c66209bcf4}</UniqueIdentifier>
    </Filter>
    <Filter Include="Source Files\quiz4">
      <UniqueIdentifier>{c9eb0580-dbf0-4865-8f2a-7f419d7ebc1d}</UniqueIdentifier>
    </Filter>
    <Filter Include="Source Files\quiz4b">
      <UniqueIdentifier>{af64266b-56fc-468b-9b5a-f5a29437eb27}</UniqueIdentifier>
    </Filter>
    <Filter Include="Source Files\quiz5">
      <UniqueIdentifier>{f2105c2f-1333-43d9-892d-c85e8632252e}</UniqueIdentifier>
    </Filter>
    <Filter Include="Source Files\assignment4a">
      <UniqueIdentifier>{84905df8-48ea-46a0-9516-66105916dc0c}</UniqueIdentifier>
    </Filter>
    <Filter Include="Source Files\assignment4b">
      <UniqueIdentifier>{9f24e50d-8cfb-4d3f-abf4-af29d23b67f6}</UniqueIdentifier>
    </Filter>
  </ItemGroup>
  <ItemGroup>
    <ClCompile Include="cst-1205.cpp">
      <Filter>Source Files</Filter>
    </ClCompile>
    <ClCompile Include="assignment1.cpp">
      <Filter>Source Files\assignment1</Filter>
    </ClCompile>
    <ClCompile Include="assignment2_harinderpal_sran.cpp">
      <Filter>Source Files\assignment2</Filter>
    </ClCompile>
    <ClCompile Include="week2lab1.cpp">
      <Filter>Source Files\week2lab1</Filter>
    </ClCompile>
    <ClCompile Include="week2quiz1.cpp">
      <Filter>Source Files\week2quiz1</Filter>
    </ClCompile>
    <ClCompile Include="week2lab2.cpp">
      <Filter>Source Files\week2lab2</Filter>
    </ClCompile>
    <ClCompile Include="week2quiz2.cpp">
      <Filter>Source Files\week2quiz2</Filter>
    </ClCompile>
    <ClCompile Include="assignment3part1_harinder.cpp">
      <Filter>Source Files\assignment3part1</Filter>
    </ClCompile>
    <ClCompile Include="assignment3part2_harinder.cpp">
      <Filter>Source Files\assignment3part2</Filter>
    </ClCompile>
    <ClCompile Include="quiz4.cpp">
      <Filter>Source Files\quiz4</Filter>
    </ClCompile>
    <ClCompile Include="quiz3.cpp">
      <Filter>Source Files\quiz3</Filter>
    </ClCompile>
    <ClCompile Include="quiz4b.cpp">
      <Filter>Source Files\quiz4b</Filter>
    </ClCompile>
    <ClCompile Include="quiz5.cpp">
      <Filter>Source Files\quiz5</Filter>
    </ClCompile>
    <ClCompile Include="assignment4a.cpp">
      <Filter>Source Files\assignment4a</Filter>
    </ClCompile>
    <ClCompile Include="assignment4b.cpp">
      <Filter>Source Files\assignment4b</Filter>
    </ClCompile>
  </ItemGroup>
  <ItemGroup>
    <ClInclude Include="assignment1.h">
      <Filter>Source Files\assignment1</Filter>
    </ClInclude>
    <ClInclude Include="assignment2.h">
      <Filter>Source Files\assignment2</Filter>
    </ClInclude>
    <ClInclude Include="week2lab1.h">
      <Filter>Source Files\week2lab1</Filter>
    </ClInclude>
    <ClInclude Include="week2quiz1.h">
      <Filter>Source Files\week2quiz1</Filter>
    </ClInclude>
    <ClInclude Include="week2lab2.h">
      <Filter>Source Files\week2lab2</Filter>
    </ClInclude>
    <ClInclude Include="week2quiz2.h">
      <Filter>Source Files\week2quiz2</Filter>
    </ClInclude>
    <ClInclude Include="assignment3part1_harinder.h">
      <Filter>Source Files\assignment3part1</Filter>
    </ClInclude>
    <ClInclude Include="assignment3part2_harinder.h">
      <Filter>Source Files\assignment3part2</Filter>
    </ClInclude>
    <ClInclude Include="quiz4.h">
      <Filter>Source Files\quiz4</Filter>
    </ClInclude>
    <ClInclude Include="quiz3.h">
      <Filter>Source Files\quiz3</Filter>
    </ClInclude>
    <ClInclude Include="quiz4b.h">
      <Filter>Source Files\quiz4b</Filter>
    </ClInclude>
    <ClInclude Include="quiz5.h">
      <Filter>Source Files\quiz5</Filter>
    </ClInclude>
    <ClInclude Include="assignment4a.h">
      <Filter>Source Files\assignment4a</Filter>
    </ClInclude>
    <ClInclude Include="assignment4b.h">
      <Filter>Source Files\assignment4b</Filter>
    </ClInclude>
  </ItemGroup>
</Project>